
Microsoft Visual Studio Solution File, Format Version 12.00
# Visual Studio Version 16
VisualStudioVersion = 16.0.31624.102
MinimumVisualStudioVersion = 10.0.40219.1
Project("{FAE04EC0-301F-11D3-BF4B-00C04F79EFBC}") = "CreateTest7", "CreateTest7\CreateTest7.csproj", "{67D4D9E5-2DDA-4BE4-A4C4-6081D1927504}"
EndProject
Global
	GlobalSection(SolutionConfigurationPlatforms) = preSolution
		Debug|Any CPU = Debug|Any CPU
		Release|Any CPU = Release|Any CPU
	EndGlobalSection
	GlobalSection(ProjectConfigurationPlatforms) = postSolution
		{67D4D9E5-2DDA-4BE4-A4C4-6081D1927504}.Debug|Any CPU.ActiveCfg = Debug|Any CPU
		{67D4D9E5-2DDA-4BE4-A4C4-6081D1927504}.Debug|Any CPU.Build.0 = Debug|Any CPU
		{67D4D9E5-2DDA-4BE4-A4C4-6081D1927504}.Release|Any CPU.ActiveCfg = Release|Any CPU
		{67D4D9E5-2DDA-4BE4-A4C4-6081D1927504}.Release|Any CPU.Build.0 = Release|Any CPU
	EndGlobalSection
	GlobalSection(SolutionProperties) = preSolution
		HideSolutionNode = FALSE
	EndGlobalSection
	GlobalSection(ExtensibilityGlobals) = postSolution
		SolutionGuid = {92762AB5-13B5-4D3B-AD7E-B4679DA54131}
	EndGlobalSection
EndGlobal
